// !$*UTF8*$!
{
	archiveVersion = 1;
	classes = {
	};
	objectVersion = 77;
	objects = {

/* Begin PBXContainerItemProxy section */
		1509AA762CA5747300BE486B /* PBXContainerItemProxy */ = {
			isa = PBXContainerItemProxy;
			containerPortal = 1509AA572CA5747000BE486B /* Project object */;
			proxyType = 1;
			remoteGlobalIDString = 1509AA5E2CA5747000BE486B;
			remoteInfo = ProjectTest4;
		};
		1509AA802CA5747300BE486B /* PBXContainerItemProxy */ = {
			isa = PBXContainerItemProxy;
			containerPortal = 1509AA572CA5747000BE486B /* Project object */;
			proxyType = 1;
			remoteGlobalIDString = 1509AA5E2CA5747000BE486B;
			remoteInfo = ProjectTest4;
		};
/* End PBXContainerItemProxy section */

/* Begin PBXFileReference section */
		1509AA5F2CA5747000BE486B /* ProjectTest4.app */ = {isa = PBXFileReference; explicitFileType = wrapper.application; includeInIndex = 0; path = ProjectTest4.app; sourceTree = BUILT_PRODUCTS_DIR; };
		1509AA752CA5747300BE486B /* ProjectTest4Tests.xctest */ = {isa = PBXFileReference; explicitFileType = wrapper.cfbundle; includeInIndex = 0; path = ProjectTest4Tests.xctest; sourceTree = BUILT_PRODUCTS_DIR; };
		1509AA7F2CA5747300BE486B /* ProjectTest4UITests.xctest */ = {isa = PBXFileReference; explicitFileType = wrapper.cfbundle; includeInIndex = 0; path = ProjectTest4UITests.xctest; sourceTree = BUILT_PRODUCTS_DIR; };
/* End PBXFileReference section */

/* Begin PBXFileSystemSynchronizedBuildFileExceptionSet section */
		1509AA872CA5747300BE486B /* Exceptions for "ProjectTest4" folder in "ProjectTest4" target */ = {
			isa = PBXFileSystemSynchronizedBuildFileExceptionSet;
			membershipExceptions = (
				Info.plist,
			);
			target = 1509AA5E2CA5747000BE486B /* ProjectTest4 */;
		};
/* End PBXFileSystemSynchronizedBuildFileExceptionSet section */

/* Begin PBXFileSystemSynchronizedRootGroup section */
		1509AA612CA5747000BE486B /* ProjectTest4 */ = {
			isa = PBXFileSystemSynchronizedRootGroup;
			exceptions = (
				1509AA872CA5747300BE486B /* Exceptions for "ProjectTest4" folder in "ProjectTest4" target */,
			);
			path = ProjectTest4;
			sourceTree = "<group>";
		};
		1509AA782CA5747300BE486B /* ProjectTest4Tests */ = {
			isa = PBXFileSystemSynchronizedRootGroup;
			path = ProjectTest4Tests;
			sourceTree = "<group>";
		};
		1509AA822CA5747300BE486B /* ProjectTest4UITests */ = {
			isa = PBXFileSystemSynchronizedRootGroup;
			path = ProjectTest4UITests;
			sourceTree = "<group>";
		};
/* End PBXFileSystemSynchronizedRootGroup section */

/* Begin PBXFrameworksBuildPhase section */
		1509AA5C2CA5747000BE486B /* Frameworks */ = {
			isa = PBXFrameworksBuildPhase;
			buildActionMask = 2147483647;
			files = (
			);
			runOnlyForDeploymentPostprocessing = 0;
		};
		1509AA722CA5747300BE486B /* Frameworks */ = {
			isa = PBXFrameworksBuildPhase;
			buildActionMask = 2147483647;
			files = (
			);
			runOnlyForDeploymentPostprocessing = 0;
		};
		1509AA7C2CA5747300BE486B /* Frameworks */ = {
			isa = PBXFrameworksBuildPhase;
			buildActionMask = 2147483647;
			files = (
			);
			runOnlyForDeploymentPostprocessing = 0;
		};
/* End PBXFrameworksBuildPhase section */

/* Begin PBXGroup section */
		1509AA562CA5747000BE486B = {
			isa = PBXGroup;
			children = (
				1509AA612CA5747000BE486B /* ProjectTest4 */,
				1509AA782CA5747300BE486B /* ProjectTest4Tests */,
				1509AA822CA5747300BE486B /* ProjectTest4UITests */,
				1509AA602CA5747000BE486B /* Products */,
			);
			sourceTree = "<group>";
		};
		1509AA602CA5747000BE486B /* Products */ = {
			isa = PBXGroup;
			children = (
				1509AA5F2CA5747000BE486B /* ProjectTest4.app */,
				1509AA752CA5747300BE486B /* ProjectTest4Tests.xctest */,
				1509AA7F2CA5747300BE486B /* ProjectTest4UITests.xctest */,
			);
			name = Products;
			sourceTree = "<group>";
		};
/* End PBXGroup section */

/* Begin PBXNativeTarget section */
		1509AA5E2CA5747000BE486B /* ProjectTest4 */ = {
			isa = PBXNativeTarget;
			buildConfigurationList = 1509AA882CA5747300BE486B /* Build configuration list for PBXNativeTarget "ProjectTest4" */;
			buildPhases = (
				1509AA5B2CA5747000BE486B /* Sources */,
				1509AA5C2CA5747000BE486B /* Frameworks */,
				1509AA5D2CA5747000BE486B /* Resources */,
			);
			buildRules = (
			);
			dependencies = (
			);
			fileSystemSynchronizedGroups = (
				1509AA612CA5747000BE486B /* ProjectTest4 */,
			);
			name = ProjectTest4;
			packageProductDependencies = (
			);
			productName = ProjectTest4;
			productReference = 1509AA5F2CA5747000BE486B /* ProjectTest4.app */;
			productType = "com.apple.product-type.application";
		};
		1509AA742CA5747300BE486B /* ProjectTest4Tests */ = {
			isa = PBXNativeTarget;
			buildConfigurationList = 1509AA8D2CA5747300BE486B /* Build configuration list for PBXNativeTarget "ProjectTest4Tests" */;
			buildPhases = (
				1509AA712CA5747300BE486B /* Sources */,
				1509AA722CA5747300BE486B /* Frameworks */,
				1509AA732CA5747300BE486B /* Resources */,
			);
			buildRules = (
			);
			dependencies = (
				1509AA772CA5747300BE486B /* PBXTargetDependency */,
			);
			fileSystemSynchronizedGroups = (
				1509AA782CA5747300BE486B /* ProjectTest4Tests */,
			);
			name = ProjectTest4Tests;
			packageProductDependencies = (
			);
			productName = ProjectTest4Tests;
			productReference = 1509AA752CA5747300BE486B /* ProjectTest4Tests.xctest */;
			productType = "com.apple.product-type.bundle.unit-test";
		};
		1509AA7E2CA5747300BE486B /* ProjectTest4UITests */ = {
			isa = PBXNativeTarget;
			buildConfigurationList = 1509AA902CA5747300BE486B /* Build configuration list for PBXNativeTarget "ProjectTest4UITests" */;
			buildPhases = (
				1509AA7B2CA5747300BE486B /* Sources */,
				1509AA7C2CA5747300BE486B /* Frameworks */,
				1509AA7D2CA5747300BE486B /* Resources */,
			);
			buildRules = (
			);
			dependencies = (
				1509AA812CA5747300BE486B /* PBXTargetDependency */,
			);
			fileSystemSynchronizedGroups = (
				1509AA822CA5747300BE486B /* ProjectTest4UITests */,
			);
			name = ProjectTest4UITests;
			packageProductDependencies = (
			);
			productName = ProjectTest4UITests;
			productReference = 1509AA7F2CA5747300BE486B /* ProjectTest4UITests.xctest */;
			productType = "com.apple.product-type.bundle.ui-testing";
		};
/* End PBXNativeTarget section */

/* Begin PBXProject section */
		1509AA572CA5747000BE486B /* Project object */ = {
			isa = PBXProject;
			attributes = {
				BuildIndependentTargetsInParallel = 1;
				LastSwiftUpdateCheck = 1600;
				LastUpgradeCheck = 1600;
				TargetAttributes = {
					1509AA5E2CA5747000BE486B = {
						CreatedOnToolsVersion = 16.0;
					};
					1509AA742CA5747300BE486B = {
						CreatedOnToolsVersion = 16.0;
						TestTargetID = 1509AA5E2CA5747000BE486B;
					};
					1509AA7E2CA5747300BE486B = {
						CreatedOnToolsVersion = 16.0;
						TestTargetID = 1509AA5E2CA5747000BE486B;
					};
				};
			};
			buildConfigurationList = 1509AA5A2CA5747000BE486B /* Build configuration list for PBXProject "ProjectTest4" */;
			developmentRegion = en;
			hasScannedForEncodings = 0;
			knownRegions = (
				en,
				Base,
			);
			mainGroup = 1509AA562CA5747000BE486B;
			minimizedProjectReferenceProxies = 1;
			preferredProjectObjectVersion = 77;
			productRefGroup = 1509AA602CA5747000BE486B /* Products */;
			projectDirPath = "";
			projectRoot = "";
			targets = (
				1509AA5E2CA5747000BE486B /* ProjectTest4 */,
				1509AA742CA5747300BE486B /* ProjectTest4Tests */,
				1509AA7E2CA5747300BE486B /* ProjectTest4UITests */,
			);
		};
/* End PBXProject section */

/* Begin PBXResourcesBuildPhase section */
		1509AA5D2CA5747000BE486B /* Resources */ = {
			isa = PBXResourcesBuildPhase;
			buildActionMask = 2147483647;
			files = (
			);
			runOnlyForDeploymentPostprocessing = 0;
		};
		1509AA732CA5747300BE486B /* Resources */ = {
			isa = PBXResourcesBuildPhase;
			buildActionMask = 2147483647;
			files = (
			);
			runOnlyForDeploymentPostprocessing = 0;
		};
		1509AA7D2CA5747300BE486B /* Resources */ = {
			isa = PBXResourcesBuildPhase;
			buildActionMask = 2147483647;
			files = (
			);
			runOnlyForDeploymentPostprocessing = 0;
		};
/* End PBXResourcesBuildPhase section */

/* Begin PBXSourcesBuildPhase section */
		1509AA5B2CA5747000BE486B /* Sources */ = {
			isa = PBXSourcesBuildPhase;
			buildActionMask = 2147483647;
			files = (
			);
			runOnlyForDeploymentPostprocessing = 0;
		};
		1509AA712CA5747300BE486B /* Sources */ = {
			isa = PBXSourcesBuildPhase;
			buildActionMask = 2147483647;
			files = (
			);
			runOnlyForDeploymentPostprocessing = 0;
		};
		1509AA7B2CA5747300BE486B /* Sources */ = {
			isa = PBXSourcesBuildPhase;
			buildActionMask = 2147483647;
			files = (
			);
			runOnlyForDeploymentPostprocessing = 0;
		};
/* End PBXSourcesBuildPhase section */

/* Begin PBXTargetDependency section */
		1509AA772CA5747300BE486B /* PBXTargetDependency */ = {
			isa = PBXTargetDependency;
			target = 1509AA5E2CA5747000BE486B /* ProjectTest4 */;
			targetProxy = 1509AA762CA5747300BE486B /* PBXContainerItemProxy */;
		};
		1509AA812CA5747300BE486B /* PBXTargetDependency */ = {
			isa = PBXTargetDependency;
			target = 1509AA5E2CA5747000BE486B /* ProjectTest4 */;
			targetProxy = 1509AA802CA5747300BE486B /* PBXContainerItemProxy */;
		};
/* End PBXTargetDependency section */

/* Begin XCBuildConfiguration section */
		1509AA892CA5747300BE486B /* Debug */ = {
			isa = XCBuildConfiguration;
			buildSettings = {
				ASSETCATALOG_COMPILER_APPICON_NAME = AppIcon;
				ASSETCATALOG_COMPILER_GLOBAL_ACCENT_COLOR_NAME = AccentColor;
				CODE_SIGN_STYLE = Automatic;
				CURRENT_PROJECT_VERSION = 1;
				GENERATE_INFOPLIST_FILE = YES;
				INFOPLIST_FILE = ProjectTest4/Info.plist;
				INFOPLIST_KEY_UIApplicationSupportsIndirectInputEvents = YES;
				INFOPLIST_KEY_UILaunchStoryboardName = LaunchScreen;
				INFOPLIST_KEY_UIMainStoryboardFile = Main;
				INFOPLIST_KEY_UISupportedInterfaceOrientations_iPad = "UIInterfaceOrientationPortrait UIInterfaceOrientationPortraitUpsideDown UIInterfaceOrientationLandscapeLeft UIInterfaceOrientationLandscapeRight";
				INFOPLIST_KEY_UISupportedInterfaceOrientations_iPhone = "UIInterfaceOrientationPortrait UIInterfaceOrientationLandscapeLeft UIInterfaceOrientationLandscapeRight";
				IPHONEOS_DEPLOYMENT_TARGET = 17.2;
				LD_RUNPATH_SEARCH_PATHS = (
					"$(inherited)",
					"@executable_path/Frameworks",
				);
				MARKETING_VERSION = 1.0;
				PRODUCT_BUNDLE_IDENTIFIER = jp.techacademy.32.tag.ProjectTest4;
				PRODUCT_NAME = "$(TARGET_NAME)";
				SWIFT_EMIT_LOC_STRINGS = YES;
				SWIFT_VERSION = 5.0;
				TARGETED_DEVICE_FAMILY = "1,2";
			};
			name = Debug;
		};
		1509AA8A2CA5747300BE486B /* Release */ = {
			isa = XCBuildConfiguration;
			buildSettings = {
				ASSETCATALOG_COMPILER_APPICON_NAME = AppIcon;
				ASSETCATALOG_COMPILER_GLOBAL_ACCENT_COLOR_NAME = AccentColor;
				CODE_SIGN_STYLE = Automatic;
				CURRENT_PROJECT_VERSION = 1;
				GENERATE_INFOPLIST_FILE = YES;
				INFOPLIST_FILE = ProjectTest4/Info.plist;
				INFOPLIST_KEY_UIApplicationSupportsIndirectInputEvents = YES;
				INFOPLIST_KEY_UILaunchStoryboardName = LaunchScreen;
				INFOPLIST_KEY_UIMainStoryboardFile = Main;
				INFOPLIST_KEY_UISupportedInterfaceOrientations_iPad = "UIInterfaceOrientationPortrait UIInterfaceOrientationPortraitUpsideDown UIInterfaceOrientationLandscapeLeft UIInterfaceOrientationLandscapeRight";
				INFOPLIST_KEY_UISupportedInterfaceOrientations_iPhone = "UIInterfaceOrientationPortrait UIInterfaceOrientationLandscapeLeft UIInterfaceOrientationLandscapeRight";
				IPHONEOS_DEPLOYMENT_TARGET = 17.2;
				LD_RUNPATH_SEARCH_PATHS = (
					"$(inherited)",
					"@executable_path/Frameworks",
				);
				MARKETING_VERSION = 1.0;
				PRODUCT_BUNDLE_IDENTIFIER = jp.techacademy.32.tag.ProjectTest4;
				PRODUCT_NAME = "$(TARGET_NAME)";
				SWIFT_EMIT_LOC_STRINGS = YES;
				SWIFT_VERSION = 5.0;
				TARGETED_DEVICE_FAMILY = "1,2";
			};
			name = Release;
		};
		1509AA8B2CA5747300BE486B /* Debug */ = {
			isa = XCBuildConfiguration;
			buildSettings = {
				ALWAYS_SEARCH_USER_PATHS = NO;
				ASSETCATALOG_COMPILER_GENERATE_SWIFT_ASSET_SYMBOL_EXTENSIONS = YES;
				CLANG_ANALYZER_NONNULL = YES;
				CLANG_ANALYZER_NUMBER_OBJECT_CONVERSION = YES_AGGRESSIVE;
				CLANG_CXX_LANGUAGE_STANDARD = "gnu++20";
				CLANG_ENABLE_MODULES = YES;
				CLANG_ENABLE_OBJC_ARC = YES;
				CLANG_ENABLE_OBJC_WEAK = YES;
				CLANG_WARN_BLOCK_CAPTURE_AUTORELEASING = YES;
				CLANG_WARN_BOOL_CONVERSION = YES;
				CLANG_WARN_COMMA = YES;
				CLANG_WARN_CONSTANT_CONVERSION = YES;
				CLANG_WARN_DEPRECATED_OBJC_IMPLEMENTATIONS = YES;
				CLANG_WARN_DIRECT_OBJC_ISA_USAGE = YES_ERROR;
				CLANG_WARN_DOCUMENTATION_COMMENTS = YES;
				CLANG_WARN_EMPTY_BODY = YES;
				CLANG_WARN_ENUM_CONVERSION = YES;
				CLANG_WARN_INFINITE_RECURSION = YES;
				CLANG_WARN_INT_CONVERSION = YES;
				CLANG_WARN_NON_LITERAL_NULL_CONVERSION = YES;
				CLANG_WARN_OBJC_IMPLICIT_RETAIN_SELF = YES;
				CLANG_WARN_OBJC_LITERAL_CONVERSION = YES;
				CLANG_WARN_OBJC_ROOT_CLASS = YES_ERROR;
				CLANG_WARN_QUOTED_INCLUDE_IN_FRAMEWORK_HEADER = YES;
				CLANG_WARN_RANGE_LOOP_ANALYSIS = YES;
				CLANG_WARN_STRICT_PROTOTYPES = YES;
				CLANG_WARN_SUSPICIOUS_MOVE = YES;
				CLANG_WARN_UNGUARDED_AVAILABILITY = YES_AGGRESSIVE;
				CLANG_WARN_UNREACHABLE_CODE = YES;
				CLANG_WARN__DUPLICATE_METHOD_MATCH = YES;
				COPY_PHASE_STRIP = NO;
				DEBUG_INFORMATION_FORMAT = dwarf;
				ENABLE_STRICT_OBJC_MSGSEND = YES;
				ENABLE_TESTABILITY = YES;
				ENABLE_USER_SCRIPT_SANDBOXING = YES;
				GCC_C_LANGUAGE_STANDARD = gnu17;
				GCC_DYNAMIC_NO_PIC = NO;
				GCC_NO_COMMON_BLOCKS = YES;
				GCC_OPTIMIZATION_LEVEL = 0;
				GCC_PREPROCESSOR_DEFINITIONS = (
					"DEBUG=1",
					"$(inherited)",
				);
				GCC_WARN_64_TO_32_BIT_CONVERSION = YES;
				GCC_WARN_ABOUT_RETURN_TYPE = YES_ERROR;
				GCC_WARN_UNDECLARED_SELECTOR = YES;
				GCC_WARN_UNINITIALIZED_AUTOS = YES_AGGRESSIVE;
				GCC_WARN_UNUSED_FUNCTION = YES;
				GCC_WARN_UNUSED_VARIABLE = YES;
				IPHONEOS_DEPLOYMENT_TARGET = 18.0;
				LOCALIZATION_PREFERS_STRING_CATALOGS = YES;
				MTL_ENABLE_DEBUG_INFO = INCLUDE_SOURCE;
				MTL_FAST_MATH = YES;
				ONLY_ACTIVE_ARCH = YES;
				SDKROOT = iphoneos;
				SWIFT_ACTIVE_COMPILATION_CONDITIONS = "DEBUG $(inherited)";
				SWIFT_OPTIMIZATION_LEVEL = "-Onone";
			};
			name = Debug;
		};
		1509AA8C2CA5747300BE486B /* Release */ = {
			isa = XCBuildConfiguration;
			buildSettings = {
				ALWAYS_SEARCH_USER_PATHS = NO;
				ASSETCATALOG_COMPILER_GENERATE_SWIFT_ASSET_SYMBOL_EXTENSIONS = YES;
				CLANG_ANALYZER_NONNULL = YES;
				CLANG_ANALYZER_NUMBER_OBJECT_CONVERSION = YES_AGGRESSIVE;
				CLANG_CXX_LANGUAGE_STANDARD = "gnu++20";
				CLANG_ENABLE_MODULES = YES;
				CLANG_ENABLE_OBJC_ARC = YES;
				CLANG_ENABLE_OBJC_WEAK = YES;
				CLANG_WARN_BLOCK_CAPTURE_AUTORELEASING = YES;
				CLANG_WARN_BOOL_CONVERSION = YES;
				CLANG_WARN_COMMA = YES;
				CLANG_WARN_CONSTANT_CONVERSION = YES;
				CLANG_WARN_DEPRECATED_OBJC_IMPLEMENTATIONS = YES;
				CLANG_WARN_DIRECT_OBJC_ISA_USAGE = YES_ERROR;
				CLANG_WARN_DOCUMENTATION_COMMENTS = YES;
				CLANG_WARN_EMPTY_BODY = YES;
				CLANG_WARN_ENUM_CONVERSION = YES;
				CLANG_WARN_INFINITE_RECURSION = YES;
				CLANG_WARN_INT_CONVERSION = YES;
				CLANG_WARN_NON_LITERAL_NULL_CONVERSION = YES;
				CLANG_WARN_OBJC_IMPLICIT_RETAIN_SELF = YES;
				CLANG_WARN_OBJC_LITERAL_CONVERSION = YES;
				CLANG_WARN_OBJC_ROOT_CLASS = YES_ERROR;
				CLANG_WARN_QUOTED_INCLUDE_IN_FRAMEWORK_HEADER = YES;
				CLANG_WARN_RANGE_LOOP_ANALYSIS = YES;
				CLANG_WARN_STRICT_PROTOTYPES = YES;
				CLANG_WARN_SUSPICIOUS_MOVE = YES;
				CLANG_WARN_UNGUARDED_AVAILABILITY = YES_AGGRESSIVE;
				CLANG_WARN_UNREACHABLE_CODE = YES;
				CLANG_WARN__DUPLICATE_METHOD_MATCH = YES;
				COPY_PHASE_STRIP = NO;
				DEBUG_INFORMATION_FORMAT = "dwarf-with-dsym";
				ENABLE_NS_ASSERTIONS = NO;
				ENABLE_STRICT_OBJC_MSGSEND = YES;
				ENABLE_USER_SCRIPT_SANDBOXING = YES;
				GCC_C_LANGUAGE_STANDARD = gnu17;
				GCC_NO_COMMON_BLOCKS = YES;
				GCC_WARN_64_TO_32_BIT_CONVERSION = YES;
				GCC_WARN_ABOUT_RETURN_TYPE = YES_ERROR;
				GCC_WARN_UNDECLARED_SELECTOR = YES;
				GCC_WARN_UNINITIALIZED_AUTOS = YES_AGGRESSIVE;
				GCC_WARN_UNUSED_FUNCTION = YES;
				GCC_WARN_UNUSED_VARIABLE = YES;
				IPHONEOS_DEPLOYMENT_TARGET = 18.0;
				LOCALIZATION_PREFERS_STRING_CATALOGS = YES;
				MTL_ENABLE_DEBUG_INFO = NO;
				MTL_FAST_MATH = YES;
				SDKROOT = iphoneos;
				SWIFT_COMPILATION_MODE = wholemodule;
				VALIDATE_PRODUCT = YES;
			};
			name = Release;
		};
		1509AA8E2CA5747300BE486B /* Debug */ = {
			isa = XCBuildConfiguration;
			buildSettings = {
				BUNDLE_LOADER = "$(TEST_HOST)";
				CODE_SIGN_STYLE = Automatic;
				CURRENT_PROJECT_VERSION = 1;
				GENERATE_INFOPLIST_FILE = YES;
				IPHONEOS_DEPLOYMENT_TARGET = 18.0;
				MARKETING_VERSION = 1.0;
				PRODUCT_BUNDLE_IDENTIFIER = jp.techacademy.32.tag.ProjectTest4Tests;
				PRODUCT_NAME = "$(TARGET_NAME)";
				SWIFT_EMIT_LOC_STRINGS = NO;
				SWIFT_VERSION = 5.0;
				TARGETED_DEVICE_FAMILY = "1,2";
				TEST_HOST = "$(BUILT_PRODUCTS_DIR)/ProjectTest4.app/$(BUNDLE_EXECUTABLE_FOLDER_PATH)/ProjectTest4";
			};
			name = Debug;
		};
		1509AA8F2CA5747300BE486B /* Release */ = {
			isa = XCBuildConfiguration;
			buildSettings = {
				BUNDLE_LOADER = "$(TEST_HOST)";
				CODE_SIGN_STYLE = Automatic;
				CURRENT_PROJECT_VERSION = 1;
				GENERATE_INFOPLIST_FILE = YES;
				IPHONEOS_DEPLOYMENT_TARGET = 18.0;
				MARKETING_VERSION = 1.0;
				PRODUCT_BUNDLE_IDENTIFIER = jp.techacademy.32.tag.ProjectTest4Tests;
				PRODUCT_NAME = "$(TARGET_NAME)";
				SWIFT_EMIT_LOC_STRINGS = NO;
				SWIFT_VERSION = 5.0;
				TARGETED_DEVICE_FAMILY = "1,2";
				TEST_HOST = "$(BUILT_PRODUCTS_DIR)/ProjectTest4.app/$(BUNDLE_EXECUTABLE_FOLDER_PATH)/ProjectTest4";
			};
			name = Release;
		};
		1509AA912CA5747300BE486B /* Debug */ = {
			isa = XCBuildConfiguration;
			buildSettings = {
				CODE_SIGN_STYLE = Automatic;
				CURRENT_PROJECT_VERSION = 1;
				GENERATE_INFOPLIST_FILE = YES;
				MARKETING_VERSION = 1.0;
				PRODUCT_BUNDLE_IDENTIFIER = jp.techacademy.32.tag.ProjectTest4UITests;
				PRODUCT_NAME = "$(TARGET_NAME)";
				SWIFT_EMIT_LOC_STRINGS = NO;
				SWIFT_VERSION = 5.0;
				TARGETED_DEVICE_FAMILY = "1,2";
				TEST_TARGET_NAME = ProjectTest4;
			};
			name = Debug;
		};
		1509AA922CA5747300BE486B /* Release */ = {
			isa = XCBuildConfiguration;
			buildSettings = {
				CODE_SIGN_STYLE = Automatic;
				CURRENT_PROJECT_VERSION = 1;
				GENERATE_INFOPLIST_FILE = YES;
				MARKETING_VERSION = 1.0;
				PRODUCT_BUNDLE_IDENTIFIER = jp.techacademy.32.tag.ProjectTest4UITests;
				PRODUCT_NAME = "$(TARGET_NAME)";
				SWIFT_EMIT_LOC_STRINGS = NO;
				SWIFT_VERSION = 5.0;
				TARGETED_DEVICE_FAMILY = "1,2";
				TEST_TARGET_NAME = ProjectTest4;
			};
			name = Release;
		};
/* End XCBuildConfiguration section */

/* Begin XCConfigurationList section */
		1509AA5A2CA5747000BE486B /* Build configuration list for PBXProject "ProjectTest4" */ = {
			isa = XCConfigurationList;
			buildConfigurations = (
				1509AA8B2CA5747300BE486B /* Debug */,
				1509AA8C2CA5747300BE486B /* Release */,
			);
			defaultConfigurationIsVisible = 0;
			defaultConfigurationName = Release;
		};
		1509AA882CA5747300BE486B /* Build configuration list for PBXNativeTarget "ProjectTest4" */ = {
			isa = XCConfigurationList;
			buildConfigurations = (
				1509AA892CA5747300BE486B /* Debug */,
				1509AA8A2CA5747300BE486B /* Release */,
			);
			defaultConfigurationIsVisible = 0;
			defaultConfigurationName = Release;
		};
		1509AA8D2CA5747300BE486B /* Build configuration list for PBXNativeTarget "ProjectTest4Tests" */ = {
			isa = XCConfigurationList;
			buildConfigurations = (
				1509AA8E2CA5747300BE486B /* Debug */,
				1509AA8F2CA5747300BE486B /* Release */,
			);
			defaultConfigurationIsVisible = 0;
			defaultConfigurationName = Release;
		};
		1509AA902CA5747300BE486B /* Build configuration list for PBXNativeTarget "ProjectTest4UITests" */ = {
			isa = XCConfigurationList;
			buildConfigurations = (
				1509AA912CA5747300BE486B /* Debug */,
				1509AA922CA5747300BE486B /* Release */,
			);
			defaultConfigurationIsVisible = 0;
			defaultConfigurationName = Release;
		};
/* End XCConfigurationList section */
	};
	rootObject = 1509AA572CA5747000BE486B /* Project object */;
}
